// !$*UTF8*$!
{
	archiveVersion = 1;
	classes = {
	};
	objectVersion = 50;
	objects = {

/* Begin PBXBuildFile section */
		1097E31EA81B1408548187B3 /* libPods-MKNetworkKit.a in Frameworks */ = {isa = PBXBuildFile; fileRef = C364BD83C9CD53B3B1D304CC /* libPods-MKNetworkKit.a */; };
		4C69896121E2FEA70068B714 /* AppDelegate.m in Sources */ = {isa = PBXBuildFile; fileRef = 4C69896021E2FEA70068B714 /* AppDelegate.m */; };
		4C69896421E2FEA80068B714 /* ViewController.m in Sources */ = {isa = PBXBuildFile; fileRef = 4C69896321E2FEA80068B714 /* ViewController.m */; };
		4C69896721E2FEA80068B714 /* Main.storyboard in Resources */ = {isa = PBXBuildFile; fileRef = 4C69896521E2FEA80068B714 /* Main.storyboard */; };
		4C69896921E2FEA90068B714 /* Assets.xcassets in Resources */ = {isa = PBXBuildFile; fileRef = 4C69896821E2FEA90068B714 /* Assets.xcassets */; };
		4C69896C21E2FEA90068B714 /* LaunchScreen.storyboard in Resources */ = {isa = PBXBuildFile; fileRef = 4C69896A21E2FEA90068B714 /* LaunchScreen.storyboard */; };
		4C69896F21E2FEA90068B714 /* main.m in Sources */ = {isa = PBXBuildFile; fileRef = 4C69896E21E2FEA90068B714 /* main.m */; };
		4C69897921E2FEA90068B714 /* MKNetworkKitTests.m in Sources */ = {isa = PBXBuildFile; fileRef = 4C69897821E2FEA90068B714 /* MKNetworkKitTests.m */; };
		4C69898421E2FEA90068B714 /* MKNetworkKitUITests.m in Sources */ = {isa = PBXBuildFile; fileRef = 4C69898321E2FEA90068B714 /* MKNetworkKitUITests.m */; };
		4C6989DE21E300660068B714 /* MKNetworkBaseEngine.m in Sources */ = {isa = PBXBuildFile; fileRef = 4C69899521E300650068B714 /* MKNetworkBaseEngine.m */; };
		4C6989DF21E300660068B714 /* MKRegisterDeviceEngine.m in Sources */ = {isa = PBXBuildFile; fileRef = 4C69899621E300650068B714 /* MKRegisterDeviceEngine.m */; };
		4C6989EC21E300660068B714 /* MKNetworkResponse.m in Sources */ = {isa = PBXBuildFile; fileRef = 4C6989B221E300650068B714 /* MKNetworkResponse.m */; };
		4C6989ED21E300660068B714 /* MKNetworkResponseError.m in Sources */ = {isa = PBXBuildFile; fileRef = 4C6989B321E300650068B714 /* MKNetworkResponseError.m */; };
		4C6989FF21E300660068B714 /* MKApiProxy.m in Sources */ = {isa = PBXBuildFile; fileRef = 4C6989DD21E300650068B714 /* MKApiProxy.m */; };
		5289C2972CE98460A9902CA5 /* libPods-MKNetworkKitTests.a in Frameworks */ = {isa = PBXBuildFile; fileRef = 0785B87F3CDB00AF6AED4192 /* libPods-MKNetworkKitTests.a */; };
		E088D58F7A8DC93D84D7BAB3 /* libPods-MKNetworkKitUITests.a in Frameworks */ = {isa = PBXBuildFile; fileRef = F669CAF5B364B919A9E204C5 /* libPods-MKNetworkKitUITests.a */; };
/* End PBXBuildFile section */

/* Begin PBXContainerItemProxy section */
		4C69897521E2FEA90068B714 /* PBXContainerItemProxy */ = {
			isa = PBXContainerItemProxy;
			containerPortal = 4C69895421E2FEA70068B714 /* Project object */;
			proxyType = 1;
			remoteGlobalIDString = 4C69895B21E2FEA70068B714;
			remoteInfo = MKNetworkKit;
		};
		4C69898021E2FEA90068B714 /* PBXContainerItemProxy */ = {
			isa = PBXContainerItemProxy;
			containerPortal = 4C69895421E2FEA70068B714 /* Project object */;
			proxyType = 1;
			remoteGlobalIDString = 4C69895B21E2FEA70068B714;
			remoteInfo = MKNetworkKit;
		};
/* End PBXContainerItemProxy section */

/* Begin PBXFileReference section */
		074B4E37A1EEABE6763C3D08 /* Pods-MKNetworkKitUITests.debug.xcconfig */ = {isa = PBXFileReference; includeInIndex = 1; lastKnownFileType = text.xcconfig; name = "Pods-MKNetworkKitUITests.debug.xcconfig"; path = "Pods/Target Support Files/Pods-MKNetworkKitUITests/Pods-MKNetworkKitUITests.debug.xcconfig"; sourceTree = "<group>"; };
		0785B87F3CDB00AF6AED4192 /* libPods-MKNetworkKitTests.a */ = {isa = PBXFileReference; explicitFileType = archive.ar; includeInIndex = 0; path = "libPods-MKNetworkKitTests.a"; sourceTree = BUILT_PRODUCTS_DIR; };
		190EF85F08A984462502C193 /* Pods-MKNetworkKit.release.xcconfig */ = {isa = PBXFileReference; includeInIndex = 1; lastKnownFileType = text.xcconfig; name = "Pods-MKNetworkKit.release.xcconfig"; path = "Pods/Target Support Files/Pods-MKNetworkKit/Pods-MKNetworkKit.release.xcconfig"; sourceTree = "<group>"; };
		4C5FB02590EB54DCF7B2914B /* Pods-MKNetworkKitTests.release.xcconfig */ = {isa = PBXFileReference; includeInIndex = 1; lastKnownFileType = text.xcconfig; name = "Pods-MKNetworkKitTests.release.xcconfig"; path = "Pods/Target Support Files/Pods-MKNetworkKitTests/Pods-MKNetworkKitTests.release.xcconfig"; sourceTree = "<group>"; };
		4C69895C21E2FEA70068B714 /* MKNetworkKit.app */ = {isa = PBXFileReference; explicitFileType = wrapper.application; includeInIndex = 0; path = MKNetworkKit.app; sourceTree = BUILT_PRODUCTS_DIR; };
		4C69895F21E2FEA70068B714 /* AppDelegate.h */ = {isa = PBXFileReference; lastKnownFileType = sourcecode.c.h; path = AppDelegate.h; sourceTree = "<group>"; };
		4C69896021E2FEA70068B714 /* AppDelegate.m */ = {isa = PBXFileReference; lastKnownFileType = sourcecode.c.objc; path = AppDelegate.m; sourceTree = "<group>"; };
		4C69896221E2FEA70068B714 /* ViewController.h */ = {isa = PBXFileReference; lastKnownFileType = sourcecode.c.h; path = ViewController.h; sourceTree = "<group>"; };
		4C69896321E2FEA80068B714 /* ViewController.m */ = {isa = PBXFileReference; lastKnownFileType = sourcecode.c.objc; path = ViewController.m; sourceTree = "<group>"; };
		4C69896621E2FEA80068B714 /* Base */ = {isa = PBXFileReference; lastKnownFileType = file.storyboard; name = Base; path = Base.lproj/Main.storyboard; sourceTree = "<group>"; };
		4C69896821E2FEA90068B714 /* Assets.xcassets */ = {isa = PBXFileReference; lastKnownFileType = folder.assetcatalog; path = Assets.xcassets; sourceTree = "<group>"; };
		4C69896B21E2FEA90068B714 /* Base */ = {isa = PBXFileReference; lastKnownFileType = file.storyboard; name = Base; path = Base.lproj/LaunchScreen.storyboard; sourceTree = "<group>"; };
		4C69896D21E2FEA90068B714 /* Info.plist */ = {isa = PBXFileReference; lastKnownFileType = text.plist.xml; path = Info.plist; sourceTree = "<group>"; };
		4C69896E21E2FEA90068B714 /* main.m */ = {isa = PBXFileReference; lastKnownFileType = sourcecode.c.objc; path = main.m; sourceTree = "<group>"; };
		4C69897421E2FEA90068B714 /* MKNetworkKitTests.xctest */ = {isa = PBXFileReference; explicitFileType = wrapper.cfbundle; includeInIndex = 0; path = MKNetworkKitTests.xctest; sourceTree = BUILT_PRODUCTS_DIR; };
		4C69897821E2FEA90068B714 /* MKNetworkKitTests.m */ = {isa = PBXFileReference; lastKnownFileType = sourcecode.c.objc; path = MKNetworkKitTests.m; sourceTree = "<group>"; };
		4C69897A21E2FEA90068B714 /* Info.plist */ = {isa = PBXFileReference; lastKnownFileType = text.plist.xml; path = Info.plist; sourceTree = "<group>"; };
		4C69897F21E2FEA90068B714 /* MKNetworkKitUITests.xctest */ = {isa = PBXFileReference; explicitFileType = wrapper.cfbundle; includeInIndex = 0; path = MKNetworkKitUITests.xctest; sourceTree = BUILT_PRODUCTS_DIR; };
		4C69898321E2FEA90068B714 /* MKNetworkKitUITests.m */ = {isa = PBXFileReference; lastKnownFileType = sourcecode.c.objc; path = MKNetworkKitUITests.m; sourceTree = "<group>"; };
		4C69898521E2FEA90068B714 /* Info.plist */ = {isa = PBXFileReference; lastKnownFileType = text.plist.xml; path = Info.plist; sourceTree = "<group>"; };
		4C69899321E300650068B714 /* MKNetworkBaseEngine.h */ = {isa = PBXFileReference; fileEncoding = 4; lastKnownFileType = sourcecode.c.h; path = MKNetworkBaseEngine.h; sourceTree = "<group>"; };
		4C69899421E300650068B714 /* MKRegisterDeviceEngine.h */ = {isa = PBXFileReference; fileEncoding = 4; lastKnownFileType = sourcecode.c.h; path = MKRegisterDeviceEngine.h; sourceTree = "<group>"; };
		4C69899521E300650068B714 /* MKNetworkBaseEngine.m */ = {isa = PBXFileReference; fileEncoding = 4; lastKnownFileType = sourcecode.c.objc; path = MKNetworkBaseEngine.m; sourceTree = "<group>"; };
		4C69899621E300650068B714 /* MKRegisterDeviceEngine.m */ = {isa = PBXFileReference; fileEncoding = 4; lastKnownFileType = sourcecode.c.objc; path = MKRegisterDeviceEngine.m; sourceTree = "<group>"; };
		4C6989AF21E300650068B714 /* MKApiProxy.h */ = {isa = PBXFileReference; fileEncoding = 4; lastKnownFileType = sourcecode.c.h; path = MKApiProxy.h; sourceTree = "<group>"; };
		4C6989B221E300650068B714 /* MKNetworkResponse.m */ = {isa = PBXFileReference; fileEncoding = 4; lastKnownFileType = sourcecode.c.objc; path = MKNetworkResponse.m; sourceTree = "<group>"; };
		4C6989B321E300650068B714 /* MKNetworkResponseError.m */ = {isa = PBXFileReference; fileEncoding = 4; lastKnownFileType = sourcecode.c.objc; path = MKNetworkResponseError.m; sourceTree = "<group>"; };
		4C6989B421E300650068B714 /* MKNetworkResponse.h */ = {isa = PBXFileReference; fileEncoding = 4; lastKnownFileType = sourcecode.c.h; path = MKNetworkResponse.h; sourceTree = "<group>"; };
		4C6989B521E300650068B714 /* MKNetworkResponseError.h */ = {isa = PBXFileReference; fileEncoding = 4; lastKnownFileType = sourcecode.c.h; path = MKNetworkResponseError.h; sourceTree = "<group>"; };
		4C6989DD21E300650068B714 /* MKApiProxy.m */ = {isa = PBXFileReference; fileEncoding = 4; lastKnownFileType = sourcecode.c.objc; path = MKApiProxy.m; sourceTree = "<group>"; };
		4C698A0021E32B9D0068B714 /* MKNetworkConfig.h */ = {isa = PBXFileReference; lastKnownFileType = sourcecode.c.h; path = MKNetworkConfig.h; sourceTree = "<group>"; };
		58C387A1649E19E106EA7720 /* Pods-MKNetworkKit.debug.xcconfig */ = {isa = PBXFileReference; includeInIndex = 1; lastKnownFileType = text.xcconfig; name = "Pods-MKNetworkKit.debug.xcconfig"; path = "Pods/Target Support Files/Pods-MKNetworkKit/Pods-MKNetworkKit.debug.xcconfig"; sourceTree = "<group>"; };
		C364BD83C9CD53B3B1D304CC /* libPods-MKNetworkKit.a */ = {isa = PBXFileReference; explicitFileType = archive.ar; includeInIndex = 0; path = "libPods-MKNetworkKit.a"; sourceTree = BUILT_PRODUCTS_DIR; };
		E20F56694C39C61D73525F08 /* Pods-MKNetworkKitTests.debug.xcconfig */ = {isa = PBXFileReference; includeInIndex = 1; lastKnownFileType = text.xcconfig; name = "Pods-MKNetworkKitTests.debug.xcconfig"; path = "Pods/Target Support Files/Pods-MKNetworkKitTests/Pods-MKNetworkKitTests.debug.xcconfig"; sourceTree = "<group>"; };
		F669CAF5B364B919A9E204C5 /* libPods-MKNetworkKitUITests.a */ = {isa = PBXFileReference; explicitFileType = archive.ar; includeInIndex = 0; path = "libPods-MKNetworkKitUITests.a"; sourceTree = BUILT_PRODUCTS_DIR; };
		FA6A7BE847D77E50AC07B25F /* Pods-MKNetworkKitUITests.release.xcconfig */ = {isa = PBXFileReference; includeInIndex = 1; lastKnownFileType = text.xcconfig; name = "Pods-MKNetworkKitUITests.release.xcconfig"; path = "Pods/Target Support Files/Pods-MKNetworkKitUITests/Pods-MKNetworkKitUITests.release.xcconfig"; sourceTree = "<group>"; };
/* End PBXFileReference section */

/* Begin PBXFrameworksBuildPhase section */
		4C69895921E2FEA70068B714 /* Frameworks */ = {
			isa = PBXFrameworksBuildPhase;
			buildActionMask = 2147483647;
			files = (
				1097E31EA81B1408548187B3 /* libPods-MKNetworkKit.a in Frameworks */,
			);
			runOnlyForDeploymentPostprocessing = 0;
		};
		4C69897121E2FEA90068B714 /* Frameworks */ = {
			isa = PBXFrameworksBuildPhase;
			buildActionMask = 2147483647;
			files = (
				5289C2972CE98460A9902CA5 /* libPods-MKNetworkKitTests.a in Frameworks */,
			);
			runOnlyForDeploymentPostprocessing = 0;
		};
		4C69897C21E2FEA90068B714 /* Frameworks */ = {
			isa = PBXFrameworksBuildPhase;
			buildActionMask = 2147483647;
			files = (
				E088D58F7A8DC93D84D7BAB3 /* libPods-MKNetworkKitUITests.a in Frameworks */,
			);
			runOnlyForDeploymentPostprocessing = 0;
		};
/* End PBXFrameworksBuildPhase section */

/* Begin PBXGroup section */
		4C69895321E2FEA70068B714 = {
			isa = PBXGroup;
			children = (
				4C69899121E300650068B714 /* NetworkKit */,
				4C69895E21E2FEA70068B714 /* MKNetworkKit */,
				4C69897721E2FEA90068B714 /* MKNetworkKitTests */,
				4C69898221E2FEA90068B714 /* MKNetworkKitUITests */,
				4C69895D21E2FEA70068B714 /* Products */,
				89F4AEC31614254C2701FC67 /* Pods */,
				BB843BAEBDDD0BFE80BA218A /* Frameworks */,
			);
			sourceTree = "<group>";
		};
		4C69895D21E2FEA70068B714 /* Products */ = {
			isa = PBXGroup;
			children = (
				4C69895C21E2FEA70068B714 /* MKNetworkKit.app */,
				4C69897421E2FEA90068B714 /* MKNetworkKitTests.xctest */,
				4C69897F21E2FEA90068B714 /* MKNetworkKitUITests.xctest */,
			);
			name = Products;
			sourceTree = "<group>";
		};
		4C69895E21E2FEA70068B714 /* MKNetworkKit */ = {
			isa = PBXGroup;
			children = (
				4C69895F21E2FEA70068B714 /* AppDelegate.h */,
				4C69896021E2FEA70068B714 /* AppDelegate.m */,
				4C69896221E2FEA70068B714 /* ViewController.h */,
				4C69896321E2FEA80068B714 /* ViewController.m */,
				4C69896521E2FEA80068B714 /* Main.storyboard */,
				4C69896821E2FEA90068B714 /* Assets.xcassets */,
				4C69896A21E2FEA90068B714 /* LaunchScreen.storyboard */,
				4C69896D21E2FEA90068B714 /* Info.plist */,
				4C69896E21E2FEA90068B714 /* main.m */,
			);
			path = MKNetworkKit;
			sourceTree = "<group>";
		};
		4C69897721E2FEA90068B714 /* MKNetworkKitTests */ = {
			isa = PBXGroup;
			children = (
				4C69897821E2FEA90068B714 /* MKNetworkKitTests.m */,
				4C69897A21E2FEA90068B714 /* Info.plist */,
			);
			path = MKNetworkKitTests;
			sourceTree = "<group>";
		};
		4C69898221E2FEA90068B714 /* MKNetworkKitUITests */ = {
			isa = PBXGroup;
			children = (
				4C69898321E2FEA90068B714 /* MKNetworkKitUITests.m */,
				4C69898521E2FEA90068B714 /* Info.plist */,
			);
			path = MKNetworkKitUITests;
			sourceTree = "<group>";
		};
		4C69899121E300650068B714 /* NetworkKit */ = {
			isa = PBXGroup;
			children = (
				4C69899221E300650068B714 /* NetworkEngines */,
				4C6989B121E300650068B714 /* AFNetworkResponse */,
				4C6989DC21E300650068B714 /* ServerAPI */,
				4C6989AF21E300650068B714 /* MKApiProxy.h */,
				4C6989DD21E300650068B714 /* MKApiProxy.m */,
				4C698A0021E32B9D0068B714 /* MKNetworkConfig.h */,
			);
			path = NetworkKit;
			sourceTree = "<group>";
		};
		4C69899221E300650068B714 /* NetworkEngines */ = {
			isa = PBXGroup;
			children = (
				4C69899321E300650068B714 /* MKNetworkBaseEngine.h */,
				4C69899521E300650068B714 /* MKNetworkBaseEngine.m */,
				4C69899421E300650068B714 /* MKRegisterDeviceEngine.h */,
				4C69899621E300650068B714 /* MKRegisterDeviceEngine.m */,
			);
			path = NetworkEngines;
			sourceTree = "<group>";
		};
		4C6989B121E300650068B714 /* AFNetworkResponse */ = {
			isa = PBXGroup;
			children = (
				4C6989B421E300650068B714 /* MKNetworkResponse.h */,
				4C6989B221E300650068B714 /* MKNetworkResponse.m */,
				4C6989B521E300650068B714 /* MKNetworkResponseError.h */,
				4C6989B321E300650068B714 /* MKNetworkResponseError.m */,
			);
			path = AFNetworkResponse;
			sourceTree = "<group>";
		};
		4C6989DC21E300650068B714 /* ServerAPI */ = {
			isa = PBXGroup;
			children = (
			);
			path = ServerAPI;
			sourceTree = "<group>";
		};
		89F4AEC31614254C2701FC67 /* Pods */ = {
			isa = PBXGroup;
			children = (
				58C387A1649E19E106EA7720 /* Pods-MKNetworkKit.debug.xcconfig */,
				190EF85F08A984462502C193 /* Pods-MKNetworkKit.release.xcconfig */,
				E20F56694C39C61D73525F08 /* Pods-MKNetworkKitTests.debug.xcconfig */,
				4C5FB02590EB54DCF7B2914B /* Pods-MKNetworkKitTests.release.xcconfig */,
				074B4E37A1EEABE6763C3D08 /* Pods-MKNetworkKitUITests.debug.xcconfig */,
				FA6A7BE847D77E50AC07B25F /* Pods-MKNetworkKitUITests.release.xcconfig */,
			);
			name = Pods;
			sourceTree = "<group>";
		};
		BB843BAEBDDD0BFE80BA218A /* Frameworks */ = {
			isa = PBXGroup;
			children = (
				C364BD83C9CD53B3B1D304CC /* libPods-MKNetworkKit.a */,
				0785B87F3CDB00AF6AED4192 /* libPods-MKNetworkKitTests.a */,
				F669CAF5B364B919A9E204C5 /* libPods-MKNetworkKitUITests.a */,
			);
			name = Frameworks;
			sourceTree = "<group>";
		};
/* End PBXGroup section */

/* Begin PBXNativeTarget section */
		4C69895B21E2FEA70068B714 /* MKNetworkKit */ = {
			isa = PBXNativeTarget;
			buildConfigurationList = 4C69898821E2FEA90068B714 /* Build configuration list for PBXNativeTarget "MKNetworkKit" */;
			buildPhases = (
				C2954844E8A60E53142DC3D1 /* [CP] Check Pods Manifest.lock */,
				4C69895821E2FEA70068B714 /* Sources */,
				4C69895921E2FEA70068B714 /* Frameworks */,
				4C69895A21E2FEA70068B714 /* Resources */,
			);
			buildRules = (
			);
			dependencies = (
			);
			name = MKNetworkKit;
			productName = MKNetworkKit;
			productReference = 4C69895C21E2FEA70068B714 /* MKNetworkKit.app */;
			productType = "com.apple.product-type.application";
		};
		4C69897321E2FEA90068B714 /* MKNetworkKitTests */ = {
			isa = PBXNativeTarget;
			buildConfigurationList = 4C69898B21E2FEA90068B714 /* Build configuration list for PBXNativeTarget "MKNetworkKitTests" */;
			buildPhases = (
				7B905C4744F0FBF85B841299 /* [CP] Check Pods Manifest.lock */,
				4C69897021E2FEA90068B714 /* Sources */,
				4C69897121E2FEA90068B714 /* Frameworks */,
				4C69897221E2FEA90068B714 /* Resources */,
			);
			buildRules = (
			);
			dependencies = (
				4C69897621E2FEA90068B714 /* PBXTargetDependency */,
			);
			name = MKNetworkKitTests;
			productName = MKNetworkKitTests;
			productReference = 4C69897421E2FEA90068B714 /* MKNetworkKitTests.xctest */;
			productType = "com.apple.product-type.bundle.unit-test";
		};
		4C69897E21E2FEA90068B714 /* MKNetworkKitUITests */ = {
			isa = PBXNativeTarget;
			buildConfigurationList = 4C69898E21E2FEA90068B714 /* Build configuration list for PBXNativeTarget "MKNetworkKitUITests" */;
			buildPhases = (
				A62514A0BC83DD81649D9802 /* [CP] Check Pods Manifest.lock */,
				4C69897B21E2FEA90068B714 /* Sources */,
				4C69897C21E2FEA90068B714 /* Frameworks */,
				4C69897D21E2FEA90068B714 /* Resources */,
			);
			buildRules = (
			);
			dependencies = (
				4C69898121E2FEA90068B714 /* PBXTargetDependency */,
			);
			name = MKNetworkKitUITests;
			productName = MKNetworkKitUITests;
			productReference = 4C69897F21E2FEA90068B714 /* MKNetworkKitUITests.xctest */;
			productType = "com.apple.product-type.bundle.ui-testing";
		};
/* End PBXNativeTarget section */

/* Begin PBXProject section */
		4C69895421E2FEA70068B714 /* Project object */ = {
			isa = PBXProject;
			attributes = {
				LastUpgradeCheck = 1010;
				ORGANIZATIONNAME = Michael;
				TargetAttributes = {
					4C69895B21E2FEA70068B714 = {
						CreatedOnToolsVersion = 10.1;
					};
					4C69897321E2FEA90068B714 = {
						CreatedOnToolsVersion = 10.1;
						TestTargetID = 4C69895B21E2FEA70068B714;
					};
					4C69897E21E2FEA90068B714 = {
						CreatedOnToolsVersion = 10.1;
						TestTargetID = 4C69895B21E2FEA70068B714;
					};
				};
			};
			buildConfigurationList = 4C69895721E2FEA70068B714 /* Build configuration list for PBXProject "MKNetworkKit" */;
			compatibilityVersion = "Xcode 9.3";
			developmentRegion = en;
			hasScannedForEncodings = 0;
			knownRegions = (
				en,
				Base,
			);
			mainGroup = 4C69895321E2FEA70068B714;
			productRefGroup = 4C69895D21E2FEA70068B714 /* Products */;
			projectDirPath = "";
			projectRoot = "";
			targets = (
				4C69895B21E2FEA70068B714 /* MKNetworkKit */,
				4C69897321E2FEA90068B714 /* MKNetworkKitTests */,
				4C69897E21E2FEA90068B714 /* MKNetworkKitUITests */,
			);
		};
/* End PBXProject section */

/* Begin PBXResourcesBuildPhase section */
		4C69895A21E2FEA70068B714 /* Resources */ = {
			isa = PBXResourcesBuildPhase;
			buildActionMask = 2147483647;
			files = (
				4C69896C21E2FEA90068B714 /* LaunchScreen.storyboard in Resources */,
				4C69896921E2FEA90068B714 /* Assets.xcassets in Resources */,
				4C69896721E2FEA80068B714 /* Main.storyboard in Resources */,
			);
			runOnlyForDeploymentPostprocessing = 0;
		};
		4C69897221E2FEA90068B714 /* Resources */ = {
			isa = PBXResourcesBuildPhase;
			buildActionMask = 2147483647;
			files = (
			);
			runOnlyForDeploymentPostprocessing = 0;
		};
		4C69897D21E2FEA90068B714 /* Resources */ = {
			isa = PBXResourcesBuildPhase;
			buildActionMask = 2147483647;
			files = (
			);
			runOnlyForDeploymentPostprocessing = 0;
		};
/* End PBXResourcesBuildPhase section */

/* Begin PBXShellScriptBuildPhase section */
		7B905C4744F0FBF85B841299 /* [CP] Check Pods Manifest.lock */ = {
			isa = PBXShellScriptBuildPhase;
			buildActionMask = 2147483647;
			files = (
			);
			inputFileListPaths = (
			);
			inputPaths = (
				"${PODS_PODFILE_DIR_PATH}/Podfile.lock",
				"${PODS_ROOT}/Manifest.lock",
			);
			name = "[CP] Check Pods Manifest.lock";
			outputFileListPaths = (
			);
			outputPaths = (
				"$(DERIVED_FILE_DIR)/Pods-MKNetworkKitTests-checkManifestLockResult.txt",
			);
			runOnlyForDeploymentPostprocessing = 0;
			shellPath = /bin/sh;
			shellScript = "diff \"${PODS_PODFILE_DIR_PATH}/Podfile.lock\" \"${PODS_ROOT}/Manifest.lock\" > /dev/null\nif [ $? != 0 ] ; then\n    # print error to STDERR\n    echo \"error: The sandbox is not in sync with the Podfile.lock. Run 'pod install' or update your CocoaPods installation.\" >&2\n    exit 1\nfi\n# This output is used by Xcode 'outputs' to avoid re-running this script phase.\necho \"SUCCESS\" > \"${SCRIPT_OUTPUT_FILE_0}\"\n";
			showEnvVarsInLog = 0;
		};
		A62514A0BC83DD81649D9802 /* [CP] Check Pods Manifest.lock */ = {
			isa = PBXShellScriptBuildPhase;
			buildActionMask = 2147483647;
			files = (
			);
			inputFileListPaths = (
			);
			inputPaths = (
				"${PODS_PODFILE_DIR_PATH}/Podfile.lock",
				"${PODS_ROOT}/Manifest.lock",
			);
			name = "[CP] Check Pods Manifest.lock";
			outputFileListPaths = (
			);
			outputPaths = (
				"$(DERIVED_FILE_DIR)/Pods-MKNetworkKitUITests-checkManifestLockResult.txt",
			);
			runOnlyForDeploymentPostprocessing = 0;
			shellPath = /bin/sh;
			shellScript = "diff \"${PODS_PODFILE_DIR_PATH}/Podfile.lock\" \"${PODS_ROOT}/Manifest.lock\" > /dev/null\nif [ $? != 0 ] ; then\n    # print error to STDERR\n    echo \"error: The sandbox is not in sync with the Podfile.lock. Run 'pod install' or update your CocoaPods installation.\" >&2\n    exit 1\nfi\n# This output is used by Xcode 'outputs' to avoid re-running this script phase.\necho \"SUCCESS\" > \"${SCRIPT_OUTPUT_FILE_0}\"\n";
			showEnvVarsInLog = 0;
		};
		C2954844E8A60E53142DC3D1 /* [CP] Check Pods Manifest.lock */ = {
			isa = PBXShellScriptBuildPhase;
			buildActionMask = 2147483647;
			files = (
			);
			inputFileListPaths = (
			);
			inputPaths = (
				"${PODS_PODFILE_DIR_PATH}/Podfile.lock",
				"${PODS_ROOT}/Manifest.lock",
			);
			name = "[CP] Check Pods Manifest.lock";
			outputFileListPaths = (
			);
			outputPaths = (
				"$(DERIVED_FILE_DIR)/Pods-MKNetworkKit-checkManifestLockResult.txt",
			);
			runOnlyForDeploymentPostprocessing = 0;
			shellPath = /bin/sh;
			shellScript = "diff \"${PODS_PODFILE_DIR_PATH}/Podfile.lock\" \"${PODS_ROOT}/Manifest.lock\" > /dev/null\nif [ $? != 0 ] ; then\n    # print error to STDERR\n    echo \"error: The sandbox is not in sync with the Podfile.lock. Run 'pod install' or update your CocoaPods installation.\" >&2\n    exit 1\nfi\n# This output is used by Xcode 'outputs' to avoid re-running this script phase.\necho \"SUCCESS\" > \"${SCRIPT_OUTPUT_FILE_0}\"\n";
			showEnvVarsInLog = 0;
		};
/* End PBXShellScriptBuildPhase section */

/* Begin PBXSourcesBuildPhase section */
		4C69895821E2FEA70068B714 /* Sources */ = {
			isa = PBXSourcesBuildPhase;
			buildActionMask = 2147483647;
			files = (
				4C6989DF21E300660068B714 /* MKRegisterDeviceEngine.m in Sources */,
				4C69896421E2FEA80068B714 /* ViewController.m in Sources */,
				4C69896F21E2FEA90068B714 /* main.m in Sources */,
				4C6989FF21E300660068B714 /* MKApiProxy.m in Sources */,
				4C6989EC21E300660068B714 /* MKNetworkResponse.m in Sources */,
				4C6989ED21E300660068B714 /* MKNetworkResponseError.m in Sources */,
				4C6989DE21E300660068B714 /* MKNetworkBaseEngine.m in Sources */,
				4C69896121E2FEA70068B714 /* AppDelegate.m in Sources */,
			);
			runOnlyForDeploymentPostprocessing = 0;
		};
		4C69897021E2FEA90068B714 /* Sources */ = {
			isa = PBXSourcesBuildPhase;
			buildActionMask = 2147483647;
			files = (
				4C69897921E2FEA90068B714 /* MKNetworkKitTests.m in Sources */,
			);
			runOnlyForDeploymentPostprocessing = 0;
		};
		4C69897B21E2FEA90068B714 /* Sources */ = {
			isa = PBXSourcesBuildPhase;
			buildActionMask = 2147483647;
			files = (
				4C69898421E2FEA90068B714 /* MKNetworkKitUITests.m in Sources */,
			);
			runOnlyForDeploymentPostprocessing = 0;
		};
/* End PBXSourcesBuildPhase section */

/* Begin PBXTargetDependency section */
		4C69897621E2FEA90068B714 /* PBXTargetDependency */ = {
			isa = PBXTargetDependency;
			target = 4C69895B21E2FEA70068B714 /* MKNetworkKit */;
			targetProxy = 4C69897521E2FEA90068B714 /* PBXContainerItemProxy */;
		};
		4C69898121E2FEA90068B714 /* PBXTargetDependency */ = {
			isa = PBXTargetDependency;
			target = 4C69895B21E2FEA70068B714 /* MKNetworkKit */;
			targetProxy = 4C69898021E2FEA90068B714 /* PBXContainerItemProxy */;
		};
/* End PBXTargetDependency section */

/* Begin PBXVariantGroup section */
		4C69896521E2FEA80068B714 /* Main.storyboard */ = {
			isa = PBXVariantGroup;
			children = (
				4C69896621E2FEA80068B714 /* Base */,
			);
			name = Main.storyboard;
			sourceTree = "<group>";
		};
		4C69896A21E2FEA90068B714 /* LaunchScreen.storyboard */ = {
			isa = PBXVariantGroup;
			children = (
				4C69896B21E2FEA90068B714 /* Base */,
			);
			name = LaunchScreen.storyboard;
			sourceTree = "<group>";
		};
/* End PBXVariantGroup section */

/* Begin XCBuildConfiguration section */
		4C69898621E2FEA90068B714 /* Debug */ = {
			isa = XCBuildConfiguration;
			buildSettings = {
				ALWAYS_SEARCH_USER_PATHS = NO;
				CLANG_ANALYZER_NONNULL = YES;
				CLANG_ANALYZER_NUMBER_OBJECT_CONVERSION = YES_AGGRESSIVE;
				CLANG_CXX_LANGUAGE_STANDARD = "gnu++14";
				CLANG_CXX_LIBRARY = "libc++";
				CLANG_ENABLE_MODULES = YES;
				CLANG_ENABLE_OBJC_ARC = YES;
				CLANG_ENABLE_OBJC_WEAK = YES;
				CLANG_WARN_BLOCK_CAPTURE_AUTORELEASING = YES;
				CLANG_WARN_BOOL_CONVERSION = YES;
				CLANG_WARN_COMMA = YES;
				CLANG_WARN_CONSTANT_CONVERSION = YES;
				CLANG_WARN_DEPRECATED_OBJC_IMPLEMENTATIONS = YES;
				CLANG_WARN_DIRECT_OBJC_ISA_USAGE = YES_ERROR;
				CLANG_WARN_DOCUMENTATION_COMMENTS = YES;
				CLANG_WARN_EMPTY_BODY = YES;
				CLANG_WARN_ENUM_CONVERSION = YES;
				CLANG_WARN_INFINITE_RECURSION = YES;
				CLANG_WARN_INT_CONVERSION = YES;
				CLANG_WARN_NON_LITERAL_NULL_CONVERSION = YES;
				CLANG_WARN_OBJC_IMPLICIT_RETAIN_SELF = YES;
				CLANG_WARN_OBJC_LITERAL_CONVERSION = YES;
				CLANG_WARN_OBJC_ROOT_CLASS = YES_ERROR;
				CLANG_WARN_RANGE_LOOP_ANALYSIS = YES;
				CLANG_WARN_STRICT_PROTOTYPES = YES;
				CLANG_WARN_SUSPICIOUS_MOVE = YES;
				CLANG_WARN_UNGUARDED_AVAILABILITY = YES_AGGRESSIVE;
				CLANG_WARN_UNREACHABLE_CODE = YES;
				CLANG_WARN__DUPLICATE_METHOD_MATCH = YES;
				CODE_SIGN_IDENTITY = "iPhone Developer";
				COPY_PHASE_STRIP = NO;
				DEBUG_INFORMATION_FORMAT = dwarf;
				ENABLE_STRICT_OBJC_MSGSEND = YES;
				ENABLE_TESTABILITY = YES;
				GCC_C_LANGUAGE_STANDARD = gnu11;
				GCC_DYNAMIC_NO_PIC = NO;
				GCC_NO_COMMON_BLOCKS = YES;
				GCC_OPTIMIZATION_LEVEL = 0;
				GCC_PREPROCESSOR_DEFINITIONS = (
					"DEBUG=1",
					"$(inherited)",
				);
				GCC_WARN_64_TO_32_BIT_CONVERSION = YES;
				GCC_WARN_ABOUT_RETURN_TYPE = YES_ERROR;
				GCC_WARN_UNDECLARED_SELECTOR = YES;
				GCC_WARN_UNINITIALIZED_AUTOS = YES_AGGRESSIVE;
				GCC_WARN_UNUSED_FUNCTION = YES;
				GCC_WARN_UNUSED_VARIABLE = YES;
				IPHONEOS_DEPLOYMENT_TARGET = 9.0;
				MTL_ENABLE_DEBUG_INFO = INCLUDE_SOURCE;
				MTL_FAST_MATH = YES;
				ONLY_ACTIVE_ARCH = YES;
				SDKROOT = iphoneos;
			};
			name = Debug;
		};
		4C69898721E2FEA90068B714 /* Release */ = {
			isa = XCBuildConfiguration;
			buildSettings = {
				ALWAYS_SEARCH_USER_PATHS = NO;
				CLANG_ANALYZER_NONNULL = YES;
				CLANG_ANALYZER_NUMBER_OBJECT_CONVERSION = YES_AGGRESSIVE;
				CLANG_CXX_LANGUAGE_STANDARD = "gnu++14";
				CLANG_CXX_LIBRARY = "libc++";
				CLANG_ENABLE_MODULES = YES;
				CLANG_ENABLE_OBJC_ARC = YES;
				CLANG_ENABLE_OBJC_WEAK = YES;
				CLANG_WARN_BLOCK_CAPTURE_AUTORELEASING = YES;
				CLANG_WARN_BOOL_CONVERSION = YES;
				CLANG_WARN_COMMA = YES;
				CLANG_WARN_CONSTANT_CONVERSION = YES;
				CLANG_WARN_DEPRECATED_OBJC_IMPLEMENTATIONS = YES;
				CLANG_WARN_DIRECT_OBJC_ISA_USAGE = YES_ERROR;
				CLANG_WARN_DOCUMENTATION_COMMENTS = YES;
				CLANG_WARN_EMPTY_BODY = YES;
				CLANG_WARN_ENUM_CONVERSION = YES;
				CLANG_WARN_INFINITE_RECURSION = YES;
				CLANG_WARN_INT_CONVERSION = YES;
				CLANG_WARN_NON_LITERAL_NULL_CONVERSION = YES;
				CLANG_WARN_OBJC_IMPLICIT_RETAIN_SELF = YES;
				CLANG_WARN_OBJC_LITERAL_CONVERSION = YES;
				CLANG_WARN_OBJC_ROOT_CLASS = YES_ERROR;
				CLANG_WARN_RANGE_LOOP_ANALYSIS = YES;
				CLANG_WARN_STRICT_PROTOTYPES = YES;
				CLANG_WARN_SUSPICIOUS_MOVE = YES;
				CLANG_WARN_UNGUARDED_AVAILABILITY = YES_AGGRESSIVE;
				CLANG_WARN_UNREACHABLE_CODE = YES;
				CLANG_WARN__DUPLICATE_METHOD_MATCH = YES;
				CODE_SIGN_IDENTITY = "iPhone Developer";
				COPY_PHASE_STRIP = NO;
				DEBUG_INFORMATION_FORMAT = "dwarf-with-dsym";
				ENABLE_NS_ASSERTIONS = NO;
				ENABLE_STRICT_OBJC_MSGSEND = YES;
				GCC_C_LANGUAGE_STANDARD = gnu11;
				GCC_NO_COMMON_BLOCKS = YES;
				GCC_WARN_64_TO_32_BIT_CONVERSION = YES;
				GCC_WARN_ABOUT_RETURN_TYPE = YES_ERROR;
				GCC_WARN_UNDECLARED_SELECTOR = YES;
				GCC_WARN_UNINITIALIZED_AUTOS = YES_AGGRESSIVE;
				GCC_WARN_UNUSED_FUNCTION = YES;
				GCC_WARN_UNUSED_VARIABLE = YES;
				IPHONEOS_DEPLOYMENT_TARGET = 9.0;
				MTL_ENABLE_DEBUG_INFO = NO;
				MTL_FAST_MATH = YES;
				SDKROOT = iphoneos;
				VALIDATE_PRODUCT = YES;
			};
			name = Release;
		};
		4C69898921E2FEA90068B714 /* Debug */ = {
			isa = XCBuildConfiguration;
			baseConfigurationReference = 58C387A1649E19E106EA7720 /* Pods-MKNetworkKit.debug.xcconfig */;
			buildSettings = {
				ASSETCATALOG_COMPILER_APPICON_NAME = AppIcon;
				CODE_SIGN_STYLE = Automatic;
				INFOPLIST_FILE = MKNetworkKit/Info.plist;
				LD_RUNPATH_SEARCH_PATHS = (
					"$(inherited)",
					"@executable_path/Frameworks",
				);
				PRODUCT_BUNDLE_IDENTIFIER = com.michelangelo.MKNetworkKit;
				PRODUCT_NAME = "$(TARGET_NAME)";
				TARGETED_DEVICE_FAMILY = "1,2";
			};
			name = Debug;
		};
		4C69898A21E2FEA90068B714 /* Release */ = {
			isa = XCBuildConfiguration;
			baseConfigurationReference = 190EF85F08A984462502C193 /* Pods-MKNetworkKit.release.xcconfig */;
			buildSettings = {
				ASSETCATALOG_COMPILER_APPICON_NAME = AppIcon;
				CODE_SIGN_STYLE = Automatic;
				INFOPLIST_FILE = MKNetworkKit/Info.plist;
				LD_RUNPATH_SEARCH_PATHS = (
					"$(inherited)",
					"@executable_path/Frameworks",
				);
				PRODUCT_BUNDLE_IDENTIFIER = com.michelangelo.MKNetworkKit;
				PRODUCT_NAME = "$(TARGET_NAME)";
				TARGETED_DEVICE_FAMILY = "1,2";
			};
			name = Release;
		};
		4C69898C21E2FEA90068B714 /* Debug */ = {
			isa = XCBuildConfiguration;
			baseConfigurationReference = E20F56694C39C61D73525F08 /* Pods-MKNetworkKitTests.debug.xcconfig */;
			buildSettings = {
				BUNDLE_LOADER = "$(TEST_HOST)";
				CODE_SIGN_STYLE = Automatic;
				INFOPLIST_FILE = MKNetworkKitTests/Info.plist;
				LD_RUNPATH_SEARCH_PATHS = (
					"$(inherited)",
					"@executable_path/Frameworks",
					"@loader_path/Frameworks",
				);
				PRODUCT_BUNDLE_IDENTIFIER = com.michelangelo.MKNetworkKitTests;
				PRODUCT_NAME = "$(TARGET_NAME)";
				TARGETED_DEVICE_FAMILY = "1,2";
				TEST_HOST = "$(BUILT_PRODUCTS_DIR)/MKNetworkKit.app/MKNetworkKit";
			};
			name = Debug;
		};
		4C69898D21E2FEA90068B714 /* Release */ = {
			isa = XCBuildConfiguration;
			baseConfigurationReference = 4C5FB02590EB54DCF7B2914B /* Pods-MKNetworkKitTests.release.xcconfig */;
			buildSettings = {
				BUNDLE_LOADER = "$(TEST_HOST)";
				CODE_SIGN_STYLE = Automatic;
				INFOPLIST_FILE = MKNetworkKitTests/Info.plist;
				LD_RUNPATH_SEARCH_PATHS = (
					"$(inherited)",
					"@executable_path/Frameworks",
					"@loader_path/Frameworks",
				);
				PRODUCT_BUNDLE_IDENTIFIER = com.michelangelo.MKNetworkKitTests;
				PRODUCT_NAME = "$(TARGET_NAME)";
				TARGETED_DEVICE_FAMILY = "1,2";
				TEST_HOST = "$(BUILT_PRODUCTS_DIR)/MKNetworkKit.app/MKNetworkKit";
			};
			name = Release;
		};
		4C69898F21E2FEA90068B714 /* Debug */ = {
			isa = XCBuildConfiguration;
			baseConfigurationReference = 074B4E37A1EEABE6763C3D08 /* Pods-MKNetworkKitUITests.debug.xcconfig */;
			buildSettings = {
				CODE_SIGN_STYLE = Automatic;
				INFOPLIST_FILE = MKNetworkKitUITests/Info.plist;
				LD_RUNPATH_SEARCH_PATHS = (
					"$(inherited)",
					"@executable_path/Frameworks",
					"@loader_path/Frameworks",
				);
				PRODUCT_BUNDLE_IDENTIFIER = com.michelangelo.MKNetworkKitUITests;
				PRODUCT_NAME = "$(TARGET_NAME)";
				TARGETED_DEVICE_FAMILY = "1,2";
				TEST_TARGET_NAME = MKNetworkKit;
			};
			name = Debug;
		};
		4C69899021E2FEA90068B714 /* Release */ = {
			isa = XCBuildConfiguration;
			baseConfigurationReference = FA6A7BE847D77E50AC07B25F /* Pods-MKNetworkKitUITests.release.xcconfig */;
			buildSettings = {
				CODE_SIGN_STYLE = Automatic;
				INFOPLIST_FILE = MKNetworkKitUITests/Info.plist;
				LD_RUNPATH_SEARCH_PATHS = (
					"$(inherited)",
					"@executable_path/Frameworks",
					"@loader_path/Frameworks",
				);
				PRODUCT_BUNDLE_IDENTIFIER = com.michelangelo.MKNetworkKitUITests;
				PRODUCT_NAME = "$(TARGET_NAME)";
				TARGETED_DEVICE_FAMILY = "1,2";
				TEST_TARGET_NAME = MKNetworkKit;
			};
			name = Release;
		};
/* End XCBuildConfiguration section */

/* Begin XCConfigurationList section */
		4C69895721E2FEA70068B714 /* Build configuration list for PBXProject "MKNetworkKit" */ = {
			isa = XCConfigurationList;
			buildConfigurations = (
				4C69898621E2FEA90068B714 /* Debug */,
				4C69898721E2FEA90068B714 /* Release */,
			);
			defaultConfigurationIsVisible = 0;
			defaultConfigurationName = Release;
		};
		4C69898821E2FEA90068B714 /* Build configuration list for PBXNativeTarget "MKNetworkKit" */ = {
			isa = XCConfigurationList;
			buildConfigurations = (
				4C69898921E2FEA90068B714 /* Debug */,
				4C69898A21E2FEA90068B714 /* Release */,
			);
			defaultConfigurationIsVisible = 0;
			defaultConfigurationName = Release;
		};
		4C69898B21E2FEA90068B714 /* Build configuration list for PBXNativeTarget "MKNetworkKitTests" */ = {
			isa = XCConfigurationList;
			buildConfigurations = (
				4C69898C21E2FEA90068B714 /* Debug */,
				4C69898D21E2FEA90068B714 /* Release */,
			);
			defaultConfigurationIsVisible = 0;
			defaultConfigurationName = Release;
		};
		4C69898E21E2FEA90068B714 /* Build configuration list for PBXNativeTarget "MKNetworkKitUITests" */ = {
			isa = XCConfigurationList;
			buildConfigurations = (
				4C69898F21E2FEA90068B714 /* Debug */,
				4C69899021E2FEA90068B714 /* Release */,
			);
			defaultConfigurationIsVisible = 0;
			defaultConfigurationName = Release;
		};
/* End XCConfigurationList section */
	};
	rootObject = 4C69895421E2FEA70068B714 /* Project object */;
}
